{
  "lockfileVersion": 1,
  "configVersion": 0,
  "workspaces": {
    "": {
      "name": "gambit",
      "dependencies": {
        "@ai-sdk/anthropic": "latest",
        "@ai-sdk/openai": "latest",
        "@ai-sdk/openai-compatible": "latest",
        "@ai-sdk/provider": "latest",
        "@ai-sdk/provider-utils": "latest",
        "@modelcontextprotocol/client": "latest",
        "@openrouter/ai-sdk-provider": "latest",
        "@opentui/core": "latest",
        "@opentui/react": "latest",
        "acorn": "latest",
        "ai": "latest",
        "marked": "latest",
        "react": "latest",
        "zod": "latest",
      },
      "devDependencies": {
        "@types/bun": "latest",
        "@types/node": "latest",
        "@types/react": "latest",
        "typescript": "latest",
      },
    },
  },
  "packages": {
    "@ai-sdk/anthropic": ["@ai-sdk/anthropic@4.0.16", "", { "dependencies": { "@ai-sdk/provider": "4.0.3", "@ai-sdk/provider-utils": "5.0.11" }, "peerDependencies": { "zod": "^3.25.76 || ^4.1.8" } }, "sha512-vyH4D6Auih5H2xvVzzh2ep5pbdWiaV7JDC+jHUE7zZJ5Kyv0TteLav4DrOgHzRuyv8ptfUSqFF6Y8//f/Ec0fQ=="],

    "@ai-sdk/gateway": ["@ai-sdk/gateway@4.0.23", "", { "dependencies": { "@ai-sdk/provider": "4.0.3", "@ai-sdk/provider-utils": "5.0.11", "@vercel/oidc": "3.2.0" }, "peerDependencies": { "zod": "^3.25.76 || ^4.1.8" } }, "sha512-f85diFdPMXYJpxCjOYZchMQkRH8h3r6lhK4Q2xmzJ7UA2OQ80L3W7tFu61742xGQK7zHWm5AhxYhNuc50H9SGQ=="],

    "@ai-sdk/openai": ["@ai-sdk/openai@4.0.16", "", { "dependencies": { "@ai-sdk/provider": "4.0.3", "@ai-sdk/provider-utils": "5.0.11" }, "peerDependencies": { "zod": "^3.25.76 || ^4.1.8" } }, "sha512-Yh+PsXaf9NbN7oA3oKwOuyjTiHMPD75phf3SqGbDNNKQ3Yj3oTntp/WhO3nCHIPA6gr5/1lyridQokmOpPf9oQ=="],

    "@ai-sdk/openai-compatible": ["@ai-sdk/openai-compatible@3.0.12", "", { "dependencies": { "@ai-sdk/provider": "4.0.3", "@ai-sdk/provider-utils": "5.0.11" }, "peerDependencies": { "zod": "^3.25.76 || ^4.1.8" } }, "sha512-tN9BUb4jUGjqtbRPUsziLxASfogLNICcq/Qrwr55vpnzKvprV6Ukl8ynED2lZaNrAHU5U4zlGnyU/iuYrjQK6g=="],

    "@ai-sdk/provider": ["@ai-sdk/provider@4.0.3", "", { "dependencies": { "json-schema": "^0.4.0" } }, "sha512-e0CpNWJUY7OxAFAnCZkw+ri9QOHWwTs1tXP42782KFGCU07qt8NiXCrCVowyCB5dP2r5/Uls+g2oPd8kOJn9dw=="],

    "@ai-sdk/provider-utils": ["@ai-sdk/provider-utils@5.0.11", "", { "dependencies": { "@ai-sdk/provider": "4.0.3", "@standard-schema/spec": "^1.1.0", "@workflow/serde": "4.1.0", "eventsource-parser": "^3.0.8" }, "peerDependencies": { "zod": "^3.25.76 || ^4.1.8" } }, "sha512-7/96wE+ZsKB35iS9ASyllrE4Ym/EolXEB7AkuJ5FI++fmS85BVTAs77890C+1Z2jwHfBKjBQSBmsliOsAh0iFQ=="],

    "@modelcontextprotocol/client": ["@modelcontextprotocol/client@2.0.0-beta.4", "", { "dependencies": { "@modelcontextprotocol/core": "2.0.0-beta.4", "cross-spawn": "^7.0.5", "eventsource": "^3.0.2", "eventsource-parser": "^3.0.0", "jose": "^6.1.3", "pkce-challenge": "^5.0.0", "zod": "^4.2.0" } }, "sha512-VNHA/UXDk7mCpVl+jOg5B4WMRRD2OEl+it360Lhi6HiCbrIB2f6pZ0cqSDKXQVUtZvqnhdQHzZAM9h8EKWhq/A=="],

    "@modelcontextprotocol/core": ["@modelcontextprotocol/core@2.0.0-beta.4", "", { "dependencies": { "zod": "^4.2.0" } }, "sha512-nsMXd4wQBKzmph6r+WOhum+mXjDYljTAqwY/XUg3hLtvNOQ8+JVqBSJOVCMJvx9lXhTpTOPrGZ3BuNiaNPjSvg=="],

    "@openrouter/ai-sdk-provider": ["@openrouter/ai-sdk-provider@3.0.0", "", { "peerDependencies": { "ai": "^7.0.0", "zod": "^3.25.76 || ^4.1.8" } }, "sha512-m9XTSWoODH2RM5OsZpaGiN7QRR8cdP5paBWq699Tu3JVmGPBKT8xF8XwV0ZBVVsjikD/JgWfak4VSsTR4wAVbg=="],

    "@opentui/core": ["@opentui/core@0.4.5", "", { "dependencies": { "bun-ffi-structs": "0.2.4", "diff": "9.0.0", "marked": "17.0.1", "string-width": "7.2.0", "strip-ansi": "7.1.2" }, "optionalDependencies": { "@opentui/core-darwin-arm64": "0.4.5", "@opentui/core-darwin-x64": "0.4.5", "@opentui/core-linux-arm64": "0.4.5", "@opentui/core-linux-arm64-musl": "0.4.5", "@opentui/core-linux-x64": "0.4.5", "@opentui/core-linux-x64-musl": "0.4.5", "@opentui/core-win32-arm64": "0.4.5", "@opentui/core-win32-x64": "0.4.5" }, "peerDependencies": { "web-tree-sitter": "0.25.10" } }, "sha512-JsgRTPkA6e+Vxmumxai6SElOSlRQkbzNKHlCfemlArRiLhfC1IZ9RXJo2QH4xSu+uBOWAM90uss73/pPlkdEig=="],

    "@opentui/core-darwin-arm64": ["@opentui/core-darwin-arm64@0.4.5", "", { "os": "darwin", "cpu": "arm64" }, "sha512-8KUG0oRidnR+oW1RSZJ72/PhZLl+qRRMk5U/mieF4c0SJ5V3tYACpBZAKzQfHNd1f7QzD8FHZct1lPpQgtmkWg=="],

    "@opentui/core-darwin-x64": ["@opentui/core-darwin-x64@0.4.5", "", { "os": "darwin", "cpu": "x64" }, "sha512-R2bocsg55gwjOqCp/MWFgFYzRmsduKegB6nzgFAPCvAD/L5Jf30xpWJWFlSg3x8vxe1L9WJ84dfqa4M7mZZ3wA=="],

    "@opentui/core-linux-arm64": ["@opentui/core-linux-arm64@0.4.5", "", { "os": "linux", "cpu": "arm64" }, "sha512-R4MZ25a4CzOAGVjW9aj1hUfzQGVfCJwrwBDbNs2SXaIvzcZqkxCVtU4FoQ5LsaD0j/BdNQVg2CIfFkFsm1fDuQ=="],

    "@opentui/core-linux-arm64-musl": ["@opentui/core-linux-arm64-musl@0.4.5", "", { "os": "linux", "cpu": "arm64" }, "sha512-ieqdyKI6EIYPalYAETB2wsdP83hr5Ifi+dFnBFUmdEEFHsoKwBmn2S7bsTOYlX7Bg03F4/YPIg+IvRpeC+cUJw=="],

    "@opentui/core-linux-x64": ["@opentui/core-linux-x64@0.4.5", "", { "os": "linux", "cpu": "x64" }, "sha512-SNyuQoxMKI1vuJhgxSSW96adWM6LqFl2SoS3GM4tGeneGOanVVG2Y06PvlytXvF4cKik97t0rqkVMRetmOs93w=="],

    "@opentui/core-linux-x64-musl": ["@opentui/core-linux-x64-musl@0.4.5", "", { "os": "linux", "cpu": "x64" }, "sha512-mKVKcIcPiSVVZZsdPSBoWwoa2/TCeQAaMDeHF7PFw2kt5bTXZPP7xxWfRQLCNIcA1eaGl59UuwUWHDR2Ve548Q=="],

    "@opentui/core-win32-arm64": ["@opentui/core-win32-arm64@0.4.5", "", { "os": "win32", "cpu": "arm64" }, "sha512-GHTTsqeR45q2Iek9Rb7ty+x/hAKn2jZ1ujlCgPR8LBKyF7h0E1dNFryoZ7ehMc3kJndP1sKn836IemKFqxuDdQ=="],

    "@opentui/core-win32-x64": ["@opentui/core-win32-x64@0.4.5", "", { "os": "win32", "cpu": "x64" }, "sha512-Y8T/yXCDGagRGiQrtmuB6AhRcPucKFs/Dre3v8kJwNYqDccI4FzUPKclZ7djfmRZNjl7JUqPhZZP/PwDpQocMg=="],

    "@opentui/react": ["@opentui/react@0.4.5", "", { "dependencies": { "@opentui/core": "0.4.5", "react-reconciler": "^0.33.0" }, "peerDependencies": { "react": ">=19.2.0", "react-devtools-core": "^7.0.1", "ws": "^8.18.0" } }, "sha512-n88Vx0cMmAu++/S14WscjvdcT46IDcxve02jMtcfHQ9j6cySRHfILfGEpOB7xxc8RpCwQceEyOjkKkfzPzm6Jg=="],

    "@standard-schema/spec": ["@standard-schema/spec@1.1.0", "http://registry.npmjs.org/@standard-schema/spec/-/spec-1.1.0.tgz", {}, "sha512-l2aFy5jALhniG5HgqrD6jXLi/rUWrKvqN/qJx6yoJsgKhblVd+iqqU4RCXavm/jPityDo5TCvKMnpjKnOriy0w=="],

    "@types/bun": ["@types/bun@1.3.14", "http://registry.npmjs.org/@types/bun/-/bun-1.3.14.tgz", { "dependencies": { "bun-types": "1.3.14" } }, "sha512-h1hFqFVcvAvD9j9K7ZW7vd82aSA+rTdznZa+5bwvCwqSB1jmmfLcbIWhOLx1/+boy/xmjgCs/OMUL8hRJSmnPw=="],

    "@types/node": ["@types/node@26.1.1", "", { "dependencies": { "undici-types": "~8.3.0" } }, "sha512-nxAkRSVkN1Y0JC1W8ky/fTfkGsMmcrRsbx+3XoZE+rMOX71kLYTV7fLXpqud1GpbpP5TuffXFqfX7fH2GgZREw=="],

    "@types/react": ["@types/react@19.2.17", "http://registry.npmjs.org/@types/react/-/react-19.2.17.tgz", { "dependencies": { "csstype": "^3.2.2" } }, "sha512-MXfmqaVPEVgkBT/aY0aGCkRWWtByiYQXo3xdQ8r5RzuFrPiRn8Gar2tQdXSUQ2GKV3bkXckek89V8wQBY2Q/Aw=="],

    "@typescript/typescript-aix-ppc64": ["@typescript/typescript-aix-ppc64@7.0.2", "", { "os": "aix", "cpu": "ppc64" }, "sha512-MTKKkWB7p/0E9xi1d1tHtZ5PiLkGEMIq88pK2CubZjOsLtYTLqhgIgi6zepFa+9GHZ6h05NMCkQxGKiPXMxXtQ=="],

    "@typescript/typescript-darwin-arm64": ["@typescript/typescript-darwin-arm64@7.0.2", "", { "os": "darwin", "cpu": "arm64" }, "sha512-gowzar9MwS/aRWp6f3a4KUqzRjAZjOsmGNCM6LcTgXum+dBfgsBVMN+AgvOCCbguXyick6LJhpBszxMebJ8syA=="],

    "@typescript/typescript-darwin-x64": ["@typescript/typescript-darwin-x64@7.0.2", "", { "os": "darwin", "cpu": "x64" }, "sha512-SZ9xZInqApNlNGc9s0W1VSsktYSOe9cFqNOIqmN1Gs8SmkjKZYFt017G4VwPxASInODuAdbTW7sXiFUf893RgA=="],

    "@typescript/typescript-freebsd-arm64": ["@typescript/typescript-freebsd-arm64@7.0.2", "", { "os": "freebsd", "cpu": "arm64" }, "sha512-W5NH4y/J0plIIS5b2xvTEkU7JFxyqdMAOgf+Ilhl0vHQXKO5dZoxd+C/jEtq56c4F3wk71RB4BMRQ2XdI+bwYQ=="],

    "@typescript/typescript-freebsd-x64": ["@typescript/typescript-freebsd-x64@7.0.2", "", { "os": "freebsd", "cpu": "x64" }, "sha512-UMGDx5sTpzNw3WiPebH7l90IWfJggEd+egHt/q6p7/Cm3zqoV7VxkGXt+3DxPIw8CcmvAB0j3sVVfbhX+M4Tpw=="],

    "@typescript/typescript-linux-arm": ["@typescript/typescript-linux-arm@7.0.2", "", { "os": "linux", "cpu": "arm" }, "sha512-gffT3xPz9sR7j/YJExkyPntrI0P2EP9XbOyWzth2/Gs0RstK+90RBcO0ncXoXy/beYll1SXw846Nf2zdnEz0QQ=="],

    "@typescript/typescript-linux-arm64": ["@typescript/typescript-linux-arm64@7.0.2", "", { "os": "linux", "cpu": "arm64" }, "sha512-Qh4eU4/y3yDjnfjjyPYihMj5/ODIlmt+Bzu17OI+fiSRDW57QmU5SiN63exPRNJPKUzcc1INa1NXdrJ+MqHjUQ=="],

    "@typescript/typescript-linux-loong64": ["@typescript/typescript-linux-loong64@7.0.2", "", { "os": "linux", "cpu": "none" }, "sha512-uEHck9i8hoAzXPiYRib1O7miOnz23SxIeVl6F4LXox+qov1K35jHcEW6VHKvZI+pyvl7fZEP4MCU5LYvIq1GuQ=="],

    "@typescript/typescript-linux-mips64el": ["@typescript/typescript-linux-mips64el@7.0.2", "", { "os": "linux", "cpu": "none" }, "sha512-R4KvAMnE43W5Qeqb0Ly56O3mWMWIAgsMyz36DCaycd5nbg/9kzm0liw3JocfRqyJY0KPmzFjbswozXyW0DnIYA=="],

    "@typescript/typescript-linux-ppc64": ["@typescript/typescript-linux-ppc64@7.0.2", "", { "os": "linux", "cpu": "ppc64" }, "sha512-DORx5b3sd/4S7eayxm4FQv+A7CrkUIGRaHiwI8oiHTAI1fAPWhF4J0vAlkC8biAlHSVVwxMQ3tjZ2/DVbnQiiA=="],

    "@typescript/typescript-linux-riscv64": ["@typescript/typescript-linux-riscv64@7.0.2", "", { "os": "linux", "cpu": "none" }, "sha512-wf0jqEDOjrPRnKwYRyyJDRo11KMbvMFrU+q4zqKyChODBzvlkbhNQfKvLxQCcwTpdDaXSHZTVuh0JoCrKCUMHQ=="],

    "@typescript/typescript-linux-s390x": ["@typescript/typescript-linux-s390x@7.0.2", "", { "os": "linux", "cpu": "s390x" }, "sha512-IkwJc3L7yhytWd/ewjyxNDfOmswCm9GWMJT/ue/dU4aZNbwZeYAetq42VyLmsmSjvoX7z74X6ZaYCtzAr0EuGw=="],

    "@typescript/typescript-linux-x64": ["@typescript/typescript-linux-x64@7.0.2", "", { "os": "linux", "cpu": "x64" }, "sha512-EYdf2cNg7rgCWJnxCdJ+F3V39O8ihb37eHAu1LK8oAFizgTQbPOK7zHHXbPt8rX24COqODXeI3sIf0fCXG7H/A=="],

    "@typescript/typescript-netbsd-arm64": ["@typescript/typescript-netbsd-arm64@7.0.2", "", { "os": "none", "cpu": "arm64" }, "sha512-+polYF4MF04aPpO5FTkHran9yUQDSXqy5GiSDKpsll5jy3l3+g9QLhpf39T+ePtefhXLOGrLl0QIjkQP6VnelA=="],

    "@typescript/typescript-netbsd-x64": ["@typescript/typescript-netbsd-x64@7.0.2", "", { "os": "none", "cpu": "x64" }, "sha512-8YIT0EHM/3dq10ZOVF/A7pc/YSMtbcecct4rWtexrnSCHOPcpC2KTLXfTCR6vDpnSiY12heNb1GiN/wu+T/FyA=="],

    "@typescript/typescript-openbsd-arm64": ["@typescript/typescript-openbsd-arm64@7.0.2", "", { "os": "openbsd", "cpu": "arm64" }, "sha512-APT8+ClYnuYm1u9+kgGXoMj2VzWzcymwh2gNSQVySHfkRDGOTVkoWLjCmOQSaO+PoqQ57B0flRp9SA+7GnnkzQ=="],

    "@typescript/typescript-openbsd-x64": ["@typescript/typescript-openbsd-x64@7.0.2", "", { "os": "openbsd", "cpu": "x64" }, "sha512-yX7s+Q0Dln0Dt9tEzZsAjXXR/+ytBM7AlglaqyeMPxQszJ1JhlJdZ6jLA+IzldHtflX81em7lDao1xXu+aRRkg=="],

    "@typescript/typescript-sunos-x64": ["@typescript/typescript-sunos-x64@7.0.2", "", { "os": "sunos", "cpu": "x64" }, "sha512-dLJDGaLZ1D4HPQn62u1n8mBDkJREwMsAkCdkwd4Ieqw+x3TUyTsqY0YiBCtE6H6OzzgGk3iuZ3vFWRS+E8/d1g=="],

    "@typescript/typescript-win32-arm64": ["@typescript/typescript-win32-arm64@7.0.2", "", { "os": "win32", "cpu": "arm64" }, "sha512-Gyl1Vy6OsWesLzmq+EP0Fb7b4Nid5232AvcA2SFcdYreldpNtYFFofPjnt62y9hQy7VTaZp65ICJjuAQRaVcIQ=="],

    "@typescript/typescript-win32-x64": ["@typescript/typescript-win32-x64@7.0.2", "", { "os": "win32", "cpu": "x64" }, "sha512-0BQ3HkAHHlKLSp1qRvf3SUhGpGsDuhB/jgFw75guyqbxJqEaS0Cw/VFO8i2nHglJUzQCRtMMR/IBAKE3ETMC4g=="],

    "@vercel/oidc": ["@vercel/oidc@3.2.0", "http://registry.npmjs.org/@vercel/oidc/-/oidc-3.2.0.tgz", {}, "sha512-UycprH3T6n3jH0k44NHMa7pnFHGu/N05MjojYr+Mc6I7obkoLIJujSWwin1pCvdy/eOxrI/l3uDLQsmcrOb4ug=="],

    "@workflow/serde": ["@workflow/serde@4.1.0", "", {}, "sha512-pav4F2BoirECWR7Nf1TKt+2eETcBj7jj4cBefQ8VXQCA6NPkaKeLfj/zMgi+3zYV5ZIBT4GuUiphsj0/b9hPQQ=="],

    "acorn": ["acorn@8.17.0", "http://registry.npmjs.org/acorn/-/acorn-8.17.0.tgz", { "bin": { "acorn": "bin/acorn" } }, "sha512-xRQbDb9BnwDafYNn6Vwl839DYVjqXYb1XVGtWAZ1kcDc6iwAL4hg3B1dZlRiuENFeO2H53gFG3in621AdERVAg=="],

    "ai": ["ai@7.0.31", "", { "dependencies": { "@ai-sdk/gateway": "4.0.23", "@ai-sdk/provider": "4.0.3", "@ai-sdk/provider-utils": "5.0.11" }, "peerDependencies": { "zod": "^3.25.76 || ^4.1.8" } }, "sha512-pJfwKXjF5kw0rKRTePwYo60EfWb8wfzJAgf3ojln/YkOsVVKttzZAJVcRPsg37Z3a06ZdKkxX+DSrMAFlPm5Mw=="],

    "ansi-regex": ["ansi-regex@6.2.2", "http://registry.npmjs.org/ansi-regex/-/ansi-regex-6.2.2.tgz", {}, "sha512-Bq3SmSpyFHaWjPk8If9yc6svM8c56dB5BAtW4Qbw5jHTwwXXcTLoRMkpDJp6VL0XzlWaCHTXrkFURMYmD0sLqg=="],

    "bun-ffi-structs": ["bun-ffi-structs@0.2.4", "", { "peerDependencies": { "typescript": "^5" } }, "sha512-AJzsqoVFs1KBbJbWHIYrVZLDC3NhTqqh25awRXqzoLzmBAKr5oqk6+CwuYHAekKx+VBCYVohBoKuRq40dV+TYg=="],

    "bun-types": ["bun-types@1.3.14", "http://registry.npmjs.org/bun-types/-/bun-types-1.3.14.tgz", { "dependencies": { "@types/node": "*" } }, "sha512-4N0ig0fEomHt5R0KCFWjovxow98rIoRwKolrYdCcknNwMekCXRnWEUvgu5soYV8QXtVsrUD8B95MBOZGPvr6KQ=="],

    "cross-spawn": ["cross-spawn@7.0.6", "http://registry.npmjs.org/cross-spawn/-/cross-spawn-7.0.6.tgz", { "dependencies": { "path-key": "^3.1.0", "shebang-command": "^2.0.0", "which": "^2.0.1" } }, "sha512-uV2QOWP2nWzsy2aMp8aRibhi9dlzF5Hgh5SHaB9OiTGEyDTiJJyx0uy51QXdyWbtAHNua4XJzUKca3OzKUd3vA=="],

    "csstype": ["csstype@3.2.3", "http://registry.npmjs.org/csstype/-/csstype-3.2.3.tgz", {}, "sha512-z1HGKcYy2xA8AGQfwrn0PAy+PB7X/GSj3UVJW9qKyn43xWa+gl5nXmU4qqLMRzWVLFC8KusUX8T/0kCiOYpAIQ=="],

    "diff": ["diff@9.0.0", "http://registry.npmjs.org/diff/-/diff-9.0.0.tgz", {}, "sha512-svtcdpS8CgJyqAjEQIXdb3OjhFVVYjzGAPO8WGCmRbrml64SPw/jJD4GoE98aR7r25A0XcgrK3F02yw9R/vhQw=="],

    "emoji-regex": ["emoji-regex@10.6.0", "http://registry.npmjs.org/emoji-regex/-/emoji-regex-10.6.0.tgz", {}, "sha512-toUI84YS5YmxW219erniWD0CIVOo46xGKColeNQRgOzDorgBi1v4D71/OFzgD9GO2UGKIv1C3Sp8DAn0+j5w7A=="],

    "eventsource": ["eventsource@3.0.7", "http://registry.npmjs.org/eventsource/-/eventsource-3.0.7.tgz", { "dependencies": { "eventsource-parser": "^3.0.1" } }, "sha512-CRT1WTyuQoD771GW56XEZFQ/ZoSfWid1alKGDYMmkt2yl8UXrVR4pspqWNEcqKvVIzg6PAltWjxcSSPrboA4iA=="],

    "eventsource-parser": ["eventsource-parser@3.0.8", "http://registry.npmjs.org/eventsource-parser/-/eventsource-parser-3.0.8.tgz", {}, "sha512-70QWGkr4snxr0OXLRWsFLeRBIRPuQOvt4s8QYjmUlmlkyTZkRqS7EDVRZtzU3TiyDbXSzaOeF0XUKy8PchzukQ=="],

    "get-east-asian-width": ["get-east-asian-width@1.6.0", "http://registry.npmjs.org/get-east-asian-width/-/get-east-asian-width-1.6.0.tgz", {}, "sha512-QRbvDIbx6YklUe6RxeTeleMR0yv3cYH6PsPZHcnVn7xv7zO1BHN8r0XETu8n6Ye3Q+ahtSarc3WgtNWmehIBfA=="],

    "isexe": ["isexe@2.0.0", "http://registry.npmjs.org/isexe/-/isexe-2.0.0.tgz", {}, "sha512-RHxMLp9lnKHGHRng9QFhRCMbYAcVpn69smSGcq3f36xjgVVWThj4qqLbTLlq7Ssj8B+fIQ1EuCEGI2lKsyQeIw=="],

    "jose": ["jose@6.2.2", "http://registry.npmjs.org/jose/-/jose-6.2.2.tgz", {}, "sha512-d7kPDd34KO/YnzaDOlikGpOurfF0ByC2sEV4cANCtdqLlTfBlw2p14O/5d/zv40gJPbIQxfES3nSx1/oYNyuZQ=="],

    "json-schema": ["json-schema@0.4.0", "http://registry.npmjs.org/json-schema/-/json-schema-0.4.0.tgz", {}, "sha512-es94M3nTIfsEPisRafak+HDLfHXnKBhV3vU5eqPcS3flIWqcxJWgXHXiey3YrpaNsanY5ei1VoYEbOzijuq9BA=="],

    "marked": ["marked@18.0.6", "", { "bin": { "marked": "bin/marked.js" } }, "sha512-MrV5puXBfuiy6wl6DLaq3BtIJQAJToAd5zt/ZKhRfGRAuFPALE7/4Y7jnxRQoEgK/pBgurGqLyAuRgZ2xOjr6w=="],

    "path-key": ["path-key@3.1.1", "http://registry.npmjs.org/path-key/-/path-key-3.1.1.tgz", {}, "sha512-ojmeN0qd+y0jszEtoY48r0Peq5dwMEkIlCOu6Q5f41lfkswXuKtYrhgoTpLnyIcHm24Uhqx+5Tqm2InSwLhE6Q=="],

    "pkce-challenge": ["pkce-challenge@5.0.1", "http://registry.npmjs.org/pkce-challenge/-/pkce-challenge-5.0.1.tgz", {}, "sha512-wQ0b/W4Fr01qtpHlqSqspcj3EhBvimsdh0KlHhH8HRZnMsEa0ea2fTULOXOS9ccQr3om+GcGRk4e+isrZWV8qQ=="],

    "react": ["react@19.2.7", "http://registry.npmjs.org/react/-/react-19.2.7.tgz", {}, "sha512-HNe9WslTbXmFK8o8cmwgAeJFSBvt1bPdHCVKtaaV+WlAN36mpT4hcRpwbf3fY56ar2oIXzsBpOAiIRHAdY0OlQ=="],

    "react-devtools-core": ["react-devtools-core@7.0.1", "http://registry.npmjs.org/react-devtools-core/-/react-devtools-core-7.0.1.tgz", { "dependencies": { "shell-quote": "^1.6.1", "ws": "^7" } }, "sha512-C3yNvRHaizlpiASzy7b9vbnBGLrhvdhl1CbdU6EnZgxPNbai60szdLtl+VL76UNOt5bOoVTOz5rNWZxgGt+Gsw=="],

    "react-reconciler": ["react-reconciler@0.33.0", "http://registry.npmjs.org/react-reconciler/-/react-reconciler-0.33.0.tgz", { "dependencies": { "scheduler": "^0.27.0" }, "peerDependencies": { "react": "^19.2.0" } }, "sha512-KetWRytFv1epdpJc3J4G75I4WrplZE5jOL7Yq0p34+OVOKF4Se7WrdIdVC45XsSSmUTlht2FM/fM1FZb1mfQeA=="],

    "scheduler": ["scheduler@0.27.0", "http://registry.npmjs.org/scheduler/-/scheduler-0.27.0.tgz", {}, "sha512-eNv+WrVbKu1f3vbYJT/xtiF5syA5HPIMtf9IgY/nKg0sWqzAUEvqY/xm7OcZc/qafLx/iO9FgOmeSAp4v5ti/Q=="],

    "shebang-command": ["shebang-command@2.0.0", "http://registry.npmjs.org/shebang-command/-/shebang-command-2.0.0.tgz", { "dependencies": { "shebang-regex": "^3.0.0" } }, "sha512-kHxr2zZpYtdmrN1qDjrrX/Z1rR1kG8Dx+gkpK1G4eXmvXswmcE1hTWBWYUzlraYw1/yZp6YuDY77YtvbN0dmDA=="],

    "shebang-regex": ["shebang-regex@3.0.0", "http://registry.npmjs.org/shebang-regex/-/shebang-regex-3.0.0.tgz", {}, "sha512-7++dFhtcx3353uBaq8DDR4NuxBetBzC7ZQOhmTQInHEd6bSrXdiEyzCvG07Z44UYdLShWUyXt5M/yhz8ekcb1A=="],

    "shell-quote": ["shell-quote@1.8.3", "http://registry.npmjs.org/shell-quote/-/shell-quote-1.8.3.tgz", {}, "sha512-ObmnIF4hXNg1BqhnHmgbDETF8dLPCggZWBjkQfhZpbszZnYur5DUljTcCHii5LC3J5E0yeO/1LIMyH+UvHQgyw=="],

    "string-width": ["string-width@7.2.0", "http://registry.npmjs.org/string-width/-/string-width-7.2.0.tgz", { "dependencies": { "emoji-regex": "^10.3.0", "get-east-asian-width": "^1.0.0", "strip-ansi": "^7.1.0" } }, "sha512-tsaTIkKW9b4N+AEj+SVA+WhJzV7/zMhcSu78mLKWSk7cXMOSHsBKFWUs0fWwq8QyK3MgJBQRX6Gbi4kYbdvGkQ=="],

    "strip-ansi": ["strip-ansi@7.1.2", "http://registry.npmjs.org/strip-ansi/-/strip-ansi-7.1.2.tgz", { "dependencies": { "ansi-regex": "^6.0.1" } }, "sha512-gmBGslpoQJtgnMAvOVqGZpEz9dyoKTCzy2nfz/n8aIFhN/jCE/rCmcxabB6jOOHV+0WNnylOxaxBQPSvcWklhA=="],

    "typescript": ["typescript@7.0.2", "", { "optionalDependencies": { "@typescript/typescript-aix-ppc64": "7.0.2", "@typescript/typescript-darwin-arm64": "7.0.2", "@typescript/typescript-darwin-x64": "7.0.2", "@typescript/typescript-freebsd-arm64": "7.0.2", "@typescript/typescript-freebsd-x64": "7.0.2", "@typescript/typescript-linux-arm": "7.0.2", "@typescript/typescript-linux-arm64": "7.0.2", "@typescript/typescript-linux-loong64": "7.0.2", "@typescript/typescript-linux-mips64el": "7.0.2", "@typescript/typescript-linux-ppc64": "7.0.2", "@typescript/typescript-linux-riscv64": "7.0.2", "@typescript/typescript-linux-s390x": "7.0.2", "@typescript/typescript-linux-x64": "7.0.2", "@typescript/typescript-netbsd-arm64": "7.0.2", "@typescript/typescript-netbsd-x64": "7.0.2", "@typescript/typescript-openbsd-arm64": "7.0.2", "@typescript/typescript-openbsd-x64": "7.0.2", "@typescript/typescript-sunos-x64": "7.0.2", "@typescript/typescript-win32-arm64": "7.0.2", "@typescript/typescript-win32-x64": "7.0.2" }, "bin": { "tsc": "bin/tsc" } }, "sha512-8FYau96o3NKOhbjKi/qNvG/W5jhzxkbdm5sj9AbZ/5T5sWqn3hJgLfGx27sRKZWTvyzCP8dLRBTf5tBTSRVUNA=="],

    "undici-types": ["undici-types@8.3.0", "", {}, "sha512-j375ScV60dom+YkPFIfTLcOiPxkN/buHz5GobjLhixFuANaNs3C9l4GmrWqejgXWJ7BbJcFYpTEUkS1Ge8bpZQ=="],

    "web-tree-sitter": ["web-tree-sitter@0.25.10", "http://registry.npmjs.org/web-tree-sitter/-/web-tree-sitter-0.25.10.tgz", { "peerDependencies": { "@types/emscripten": "^1.40.0" }, "optionalPeers": ["@types/emscripten"] }, "sha512-Y09sF44/13XvgVKgO2cNDw5rGk6s26MgoZPXLESvMXeefBf7i6/73eFurre0IsTW6E14Y0ArIzhUMmjoc7xyzA=="],

    "which": ["which@2.0.2", "http://registry.npmjs.org/which/-/which-2.0.2.tgz", { "dependencies": { "isexe": "^2.0.0" }, "bin": { "node-which": "./bin/node-which" } }, "sha512-BLI3Tl1TW3Pvl70l3yq3Y64i+awpwXqsGBYWkkqMtnbXgrMD+yj7rhW0kuEDxzJaYXGjEW5ogapKNMEKNMjibA=="],

    "ws": ["ws@8.19.0", "http://registry.npmjs.org/ws/-/ws-8.19.0.tgz", { "peerDependencies": { "bufferutil": "^4.0.1", "utf-8-validate": ">=5.0.2" }, "optionalPeers": ["bufferutil", "utf-8-validate"] }, "sha512-blAT2mjOEIi0ZzruJfIhb3nps74PRWTCz1IjglWEEpQl5XS/UNama6u2/rjFkDDouqr4L67ry+1aGIALViWjDg=="],

    "zod": ["zod@4.4.3", "http://registry.npmjs.org/zod/-/zod-4.4.3.tgz", {}, "sha512-ytENFjIJFl2UwYglde2jchW2Hwm4GJFLDiSXWdTrJQBIN9Fcyp7n4DhxJEiWNAJMV1/BqWfW/kkg71UDcHJyTQ=="],

    "@opentui/core/marked": ["marked@17.0.1", "http://registry.npmjs.org/marked/-/marked-17.0.1.tgz", { "bin": { "marked": "bin/marked.js" } }, "sha512-boeBdiS0ghpWcSwoNm/jJBwdpFaMnZWRzjA6SkUMYb40SVaN1x7mmfGKp0jvexGcx+7y2La5zRZsYFZI6Qpypg=="],

    "bun-types/@types/node": ["@types/node@25.0.2", "http://registry.npmjs.org/@types/node/-/node-25.0.2.tgz", { "dependencies": { "undici-types": "~7.16.0" } }, "sha512-gWEkeiyYE4vqjON/+Obqcoeffmk0NF15WSBwSs7zwVA2bAbTaE0SJ7P0WNGoJn8uE7fiaV5a7dKYIJriEqOrmA=="],

    "eventsource/eventsource-parser": ["eventsource-parser@3.0.6", "http://registry.npmjs.org/eventsource-parser/-/eventsource-parser-3.0.6.tgz", {}, "sha512-Vo1ab+QXPzZ4tCa8SwIHJFaSzy4R6SHf7BY79rFBDf0idraZWAkYrDjDj8uWaSm3S2TK+hJ7/t1CEmZ7jXw+pg=="],

    "react-devtools-core/ws": ["ws@7.5.10", "http://registry.npmjs.org/ws/-/ws-7.5.10.tgz", { "peerDependencies": { "bufferutil": "^4.0.1", "utf-8-validate": "^5.0.2" }, "optionalPeers": ["bufferutil", "utf-8-validate"] }, "sha512-+dbF1tHwZpXcbOJdVOkzLDxZP1ailvSxM6ZweXTegylPny803bFhA+vqBYw4s31NSAk4S2Qz+AKXK9a4wkdjcQ=="],

    "bun-types/@types/node/undici-types": ["undici-types@7.16.0", "http://registry.npmjs.org/undici-types/-/undici-types-7.16.0.tgz", {}, "sha512-Zz+aZWSj8LE6zoxD+xrjh4VfkIG8Ya6LvYkZqtUQGJPZjYl53ypCaUwWqo7eI0x66KBGeRo+mlBEkMSeSZ38Nw=="],
  }
}
